
Microsoft Visual Studio Solution File, Format Version 12.00
# Visual Studio 2013
VisualStudioVersion = 12.0.31101.0
MinimumVisualStudioVersion = 10.0.40219.1
Project("{FAE04EC0-301F-11D3-BF4B-00C04F79EFBC}") = "GithubAPI", "GithubAPI\GithubAPI.csproj", "{83E9622C-C4F4-4439-8D54-A4F4161BE6DE}"
EndProject
Project("{FAE04EC0-301F-11D3-BF4B-00C04F79EFBC}") = "GithubAPI.API", "GithubAPI.API\GithubAPI.API.csproj", "{2F3DED5C-5484-48A3-9D6A-E17E1203CDC5}"
EndProject
Global
	GlobalSection(SolutionConfigurationPlatforms) = preSolution
		Debug|Any CPU = Debug|Any CPU
		Release|Any CPU = Release|Any CPU
	EndGlobalSection
	GlobalSection(ProjectConfigurationPlatforms) = postSolution
		{83E9622C-C4F4-4439-8D54-A4F4161BE6DE}.Debug|Any CPU.ActiveCfg = Debug|Any CPU
		{83E9622C-C4F4-4439-8D54-A4F4161BE6DE}.Debug|Any CPU.Build.0 = Debug|Any CPU
		{83E9622C-C4F4-4439-8D54-A4F4161BE6DE}.Release|Any CPU.ActiveCfg = Release|Any CPU
		{83E9622C-C4F4-4439-8D54-A4F4161BE6DE}.Release|Any CPU.Build.0 = Release|Any CPU
		{2F3DED5C-5484-48A3-9D6A-E17E1203CDC5}.Debug|Any CPU.ActiveCfg = Debug|Any CPU
		{2F3DED5C-5484-48A3-9D6A-E17E1203CDC5}.Debug|Any CPU.Build.0 = Debug|Any CPU
		{2F3DED5C-5484-48A3-9D6A-E17E1203CDC5}.Release|Any CPU.ActiveCfg = Release|Any CPU
		{2F3DED5C-5484-48A3-9D6A-E17E1203CDC5}.Release|Any CPU.Build.0 = Release|Any CPU
	EndGlobalSection
	GlobalSection(SolutionProperties) = preSolution
		HideSolutionNode = FALSE
	EndGlobalSection
EndGlobal
